
Microsoft Visual Studio Solution File, Format Version 12.00
# Visual Studio 14
VisualStudioVersion = 14.0.25420.1
MinimumVisualStudioVersion = 10.0.40219.1
Project("{2150E333-8FDC-42A3-9474-1A3956D46DE8}") = "src", "src", "{0E43359B-BB36-4E15-B4C1-074C6B86D24D}"
EndProject
Project("{2150E333-8FDC-42A3-9474-1A3956D46DE8}") = "Solution Items", "Solution Items", "{37D31B6F-0051-4BF8-8411-99075BF547E1}"
	ProjectSection(SolutionItems) = preProject
		global.json = global.json
	EndProjectSection
EndProject
Project("{8BB2217D-0F2D-49D1-97BC-3654ED321F3B}") = "aspCart.Web", "src\aspCart.Web\aspCart.Web.xproj", "{93E3F86F-CD6B-4C2C-9866-5625EC306D00}"
EndProject
Project("{8BB2217D-0F2D-49D1-97BC-3654ED321F3B}") = "aspCart.Infrastructure", "src\aspCart.Infrastructure\aspCart.Infrastructure.xproj", "{AABC0A06-6269-41AA-8A6B-0EF6875CD016}"
EndProject
Project("{8BB2217D-0F2D-49D1-97BC-3654ED321F3B}") = "aspCart.Core", "src\aspCart.Core\aspCart.Core.xproj", "{1A982886-A36C-4E84-BBEB-A4AB19E184C7}"
EndProject
Project("{8BB2217D-0F2D-49D1-97BC-3654ED321F3B}") = "aspCart.xUnitTest", "src\aspCart.xUnitTest\aspCart.xUnitTest.xproj", "{CB2F63A7-BDA5-4806-8990-DE56ACAF3984}"
EndProject
Global
	GlobalSection(SolutionConfigurationPlatforms) = preSolution
		Debug|Any CPU = Debug|Any CPU
		Release|Any CPU = Release|Any CPU
	EndGlobalSection
	GlobalSection(ProjectConfigurationPlatforms) = postSolution
		{93E3F86F-CD6B-4C2C-9866-5625EC306D00}.Debug|Any CPU.ActiveCfg = Debug|Any CPU
		{93E3F86F-CD6B-4C2C-9866-5625EC306D00}.Debug|Any CPU.Build.0 = Debug|Any CPU
		{93E3F86F-CD6B-4C2C-9866-5625EC306D00}.Release|Any CPU.ActiveCfg = Release|Any CPU
		{93E3F86F-CD6B-4C2C-9866-5625EC306D00}.Release|Any CPU.Build.0 = Release|Any CPU
		{AABC0A06-6269-41AA-8A6B-0EF6875CD016}.Debug|Any CPU.ActiveCfg = Debug|Any CPU
		{AABC0A06-6269-41AA-8A6B-0EF6875CD016}.Debug|Any CPU.Build.0 = Debug|Any CPU
		{AABC0A06-6269-41AA-8A6B-0EF6875CD016}.Release|Any CPU.ActiveCfg = Release|Any CPU
		{AABC0A06-6269-41AA-8A6B-0EF6875CD016}.Release|Any CPU.Build.0 = Release|Any CPU
		{1A982886-A36C-4E84-BBEB-A4AB19E184C7}.Debug|Any CPU.ActiveCfg = Debug|Any CPU
		{1A982886-A36C-4E84-BBEB-A4AB19E184C7}.Debug|Any CPU.Build.0 = Debug|Any CPU
		{1A982886-A36C-4E84-BBEB-A4AB19E184C7}.Release|Any CPU.ActiveCfg = Release|Any CPU
		{1A982886-A36C-4E84-BBEB-A4AB19E184C7}.Release|Any CPU.Build.0 = Release|Any CPU
		{CB2F63A7-BDA5-4806-8990-DE56ACAF3984}.Debug|Any CPU.ActiveCfg = Debug|Any CPU
		{CB2F63A7-BDA5-4806-8990-DE56ACAF3984}.Debug|Any CPU.Build.0 = Debug|Any CPU
		{CB2F63A7-BDA5-4806-8990-DE56ACAF3984}.Release|Any CPU.ActiveCfg = Release|Any CPU
		{CB2F63A7-BDA5-4806-8990-DE56ACAF3984}.Release|Any CPU.Build.0 = Release|Any CPU
	EndGlobalSection
	GlobalSection(SolutionProperties) = preSolution
		HideSolutionNode = FALSE
	EndGlobalSection
	GlobalSection(NestedProjects) = preSolution
		{93E3F86F-CD6B-4C2C-9866-5625EC306D00} = {0E43359B-BB36-4E15-B4C1-074C6B86D24D}
		{AABC0A06-6269-41AA-8A6B-0EF6875CD016} = {0E43359B-BB36-4E15-B4C1-074C6B86D24D}
		{1A982886-A36C-4E84-BBEB-A4AB19E184C7} = {0E43359B-BB36-4E15-B4C1-074C6B86D24D}
		{CB2F63A7-BDA5-4806-8990-DE56ACAF3984} = {0E43359B-BB36-4E15-B4C1-074C6B86D24D}
	EndGlobalSection
EndGlobal
